// !$*UTF8*$!
{
	archiveVersion = 1;
	classes = {
	};
	objectVersion = 50;
	objects = {

/* Begin PBXBuildFile section */
		5615EF3724D0759D000654A3 /* AppDelegate.swift in Sources */ = {isa = PBXBuildFile; fileRef = 5615EF3624D0759D000654A3 /* AppDelegate.swift */; };
		5615EF3924D0759D000654A3 /* SceneDelegate.swift in Sources */ = {isa = PBXBuildFile; fileRef = 5615EF3824D0759D000654A3 /* SceneDelegate.swift */; };
		5615EF3B24D0759D000654A3 /* ViewController.swift in Sources */ = {isa = PBXBuildFile; fileRef = 5615EF3A24D0759D000654A3 /* ViewController.swift */; };
		5615EF3E24D0759D000654A3 /* Main.storyboard in Resources */ = {isa = PBXBuildFile; fileRef = 5615EF3C24D0759D000654A3 /* Main.storyboard */; };
		5615EF4024D0759F000654A3 /* Assets.xcassets in Resources */ = {isa = PBXBuildFile; fileRef = 5615EF3F24D0759F000654A3 /* Assets.xcassets */; };
		5615EF4324D0759F000654A3 /* LaunchScreen.storyboard in Resources */ = {isa = PBXBuildFile; fileRef = 5615EF4124D0759F000654A3 /* LaunchScreen.storyboard */; };
		5615EF4E24D0759F000654A3 /* EndTermBrandonGallagherTests.swift in Sources */ = {isa = PBXBuildFile; fileRef = 5615EF4D24D0759F000654A3 /* EndTermBrandonGallagherTests.swift */; };
		5615EF5924D0759F000654A3 /* EndTermBrandonGallagherUITests.swift in Sources */ = {isa = PBXBuildFile; fileRef = 5615EF5824D0759F000654A3 /* EndTermBrandonGallagherUITests.swift */; };
		5615EF6724D07B6D000654A3 /* FlowerTableViewController.swift in Sources */ = {isa = PBXBuildFile; fileRef = 5615EF6624D07B6D000654A3 /* FlowerTableViewController.swift */; };
		5615EF6924D07ECD000654A3 /* lotus-flower-828457262-5c6334b646e0fb0001dcd75a.jpg in Resources */ = {isa = PBXBuildFile; fileRef = 5615EF6824D07ECC000654A3 /* lotus-flower-828457262-5c6334b646e0fb0001dcd75a.jpg */; };
		5615EF6B24D0885C000654A3 /* SubFlowerTableViewController.swift in Sources */ = {isa = PBXBuildFile; fileRef = 5615EF6A24D0885C000654A3 /* SubFlowerTableViewController.swift */; };
/* End PBXBuildFile section */

/* Begin PBXContainerItemProxy section */
		5615EF4A24D0759F000654A3 /* PBXContainerItemProxy */ = {
			isa = PBXContainerItemProxy;
			containerPortal = 5615EF2B24D0759D000654A3 /* Project object */;
			proxyType = 1;
			remoteGlobalIDString = 5615EF3224D0759D000654A3;
			remoteInfo = EndTermBrandonGallagher;
		};
		5615EF5524D0759F000654A3 /* PBXContainerItemProxy */ = {
			isa = PBXContainerItemProxy;
			containerPortal = 5615EF2B24D0759D000654A3 /* Project object */;
			proxyType = 1;
			remoteGlobalIDString = 5615EF3224D0759D000654A3;
			remoteInfo = EndTermBrandonGallagher;
		};
/* End PBXContainerItemProxy section */

/* Begin PBXFileReference section */
		5615EF3324D0759D000654A3 /* EndTermBrandonGallagher.app */ = {isa = PBXFileReference; explicitFileType = wrapper.application; includeInIndex = 0; path = EndTermBrandonGallagher.app; sourceTree = BUILT_PRODUCTS_DIR; };
		5615EF3624D0759D000654A3 /* AppDelegate.swift */ = {isa = PBXFileReference; lastKnownFileType = sourcecode.swift; path = AppDelegate.swift; sourceTree = "<group>"; };
		5615EF3824D0759D000654A3 /* SceneDelegate.swift */ = {isa = PBXFileReference; lastKnownFileType = sourcecode.swift; path = SceneDelegate.swift; sourceTree = "<group>"; };
		5615EF3A24D0759D000654A3 /* ViewController.swift */ = {isa = PBXFileReference; lastKnownFileType = sourcecode.swift; path = ViewController.swift; sourceTree = "<group>"; };
		5615EF3D24D0759D000654A3 /* Base */ = {isa = PBXFileReference; lastKnownFileType = file.storyboard; name = Base; path = Base.lproj/Main.storyboard; sourceTree = "<group>"; };
		5615EF3F24D0759F000654A3 /* Assets.xcassets */ = {isa = PBXFileReference; lastKnownFileType = folder.assetcatalog; path = Assets.xcassets; sourceTree = "<group>"; };
		5615EF4224D0759F000654A3 /* Base */ = {isa = PBXFileReference; lastKnownFileType = file.storyboard; name = Base; path = Base.lproj/LaunchScreen.storyboard; sourceTree = "<group>"; };
		5615EF4424D0759F000654A3 /* Info.plist */ = {isa = PBXFileReference; lastKnownFileType = text.plist.xml; path = Info.plist; sourceTree = "<group>"; };
		5615EF4924D0759F000654A3 /* EndTermBrandonGallagherTests.xctest */ = {isa = PBXFileReference; explicitFileType = wrapper.cfbundle; includeInIndex = 0; path = EndTermBrandonGallagherTests.xctest; sourceTree = BUILT_PRODUCTS_DIR; };
		5615EF4D24D0759F000654A3 /* EndTermBrandonGallagherTests.swift */ = {isa = PBXFileReference; lastKnownFileType = sourcecode.swift; path = EndTermBrandonGallagherTests.swift; sourceTree = "<group>"; };
		5615EF4F24D0759F000654A3 /* Info.plist */ = {isa = PBXFileReference; lastKnownFileType = text.plist.xml; path = Info.plist; sourceTree = "<group>"; };
		5615EF5424D0759F000654A3 /* EndTermBrandonGallagherUITests.xctest */ = {isa = PBXFileReference; explicitFileType = wrapper.cfbundle; includeInIndex = 0; path = EndTermBrandonGallagherUITests.xctest; sourceTree = BUILT_PRODUCTS_DIR; };
		5615EF5824D0759F000654A3 /* EndTermBrandonGallagherUITests.swift */ = {isa = PBXFileReference; lastKnownFileType = sourcecode.swift; path = EndTermBrandonGallagherUITests.swift; sourceTree = "<group>"; };
		5615EF5A24D0759F000654A3 /* Info.plist */ = {isa = PBXFileReference; lastKnownFileType = text.plist.xml; path = Info.plist; sourceTree = "<group>"; };
		5615EF6624D07B6D000654A3 /* FlowerTableViewController.swift */ = {isa = PBXFileReference; lastKnownFileType = sourcecode.swift; path = FlowerTableViewController.swift; sourceTree = "<group>"; };
		5615EF6824D07ECC000654A3 /* lotus-flower-828457262-5c6334b646e0fb0001dcd75a.jpg */ = {isa = PBXFileReference; lastKnownFileType = image.jpeg; path = "lotus-flower-828457262-5c6334b646e0fb0001dcd75a.jpg"; sourceTree = "<group>"; };
		5615EF6A24D0885C000654A3 /* SubFlowerTableViewController.swift */ = {isa = PBXFileReference; lastKnownFileType = sourcecode.swift; path = SubFlowerTableViewController.swift; sourceTree = "<group>"; };
/* End PBXFileReference section */

/* Begin PBXFrameworksBuildPhase section */
		5615EF3024D0759D000654A3 /* Frameworks */ = {
			isa = PBXFrameworksBuildPhase;
			buildActionMask = 2147483647;
			files = (
			);
			runOnlyForDeploymentPostprocessing = 0;
		};
		5615EF4624D0759F000654A3 /* Frameworks */ = {
			isa = PBXFrameworksBuildPhase;
			buildActionMask = 2147483647;
			files = (
			);
			runOnlyForDeploymentPostprocessing = 0;
		};
		5615EF5124D0759F000654A3 /* Frameworks */ = {
			isa = PBXFrameworksBuildPhase;
			buildActionMask = 2147483647;
			files = (
			);
			runOnlyForDeploymentPostprocessing = 0;
		};
/* End PBXFrameworksBuildPhase section */

/* Begin PBXGroup section */
		5615EF2A24D0759D000654A3 = {
			isa = PBXGroup;
			children = (
				5615EF3524D0759D000654A3 /* EndTermBrandonGallagher */,
				5615EF4C24D0759F000654A3 /* EndTermBrandonGallagherTests */,
				5615EF5724D0759F000654A3 /* EndTermBrandonGallagherUITests */,
				5615EF3424D0759D000654A3 /* Products */,
			);
			sourceTree = "<group>";
		};
		5615EF3424D0759D000654A3 /* Products */ = {
			isa = PBXGroup;
			children = (
				5615EF3324D0759D000654A3 /* EndTermBrandonGallagher.app */,
				5615EF4924D0759F000654A3 /* EndTermBrandonGallagherTests.xctest */,
				5615EF5424D0759F000654A3 /* EndTermBrandonGallagherUITests.xctest */,
			);
			name = Products;
			sourceTree = "<group>";
		};
		5615EF3524D0759D000654A3 /* EndTermBrandonGallagher */ = {
			isa = PBXGroup;
			children = (
				5615EF3624D0759D000654A3 /* AppDelegate.swift */,
				5615EF3824D0759D000654A3 /* SceneDelegate.swift */,
				5615EF3A24D0759D000654A3 /* ViewController.swift */,
				5615EF3C24D0759D000654A3 /* Main.storyboard */,
				5615EF6824D07ECC000654A3 /* lotus-flower-828457262-5c6334b646e0fb0001dcd75a.jpg */,
				5615EF3F24D0759F000654A3 /* Assets.xcassets */,
				5615EF4124D0759F000654A3 /* LaunchScreen.storyboard */,
				5615EF4424D0759F000654A3 /* Info.plist */,
				5615EF6624D07B6D000654A3 /* FlowerTableViewController.swift */,
				5615EF6A24D0885C000654A3 /* SubFlowerTableViewController.swift */,
			);
			path = EndTermBrandonGallagher;
			sourceTree = "<group>";
		};
		5615EF4C24D0759F000654A3 /* EndTermBrandonGallagherTests */ = {
			isa = PBXGroup;
			children = (
				5615EF4D24D0759F000654A3 /* EndTermBrandonGallagherTests.swift */,
				5615EF4F24D0759F000654A3 /* Info.plist */,
			);
			path = EndTermBrandonGallagherTests;
			sourceTree = "<group>";
		};
		5615EF5724D0759F000654A3 /* EndTermBrandonGallagherUITests */ = {
			isa = PBXGroup;
			children = (
				5615EF5824D0759F000654A3 /* EndTermBrandonGallagherUITests.swift */,
				5615EF5A24D0759F000654A3 /* Info.plist */,
			);
			path = EndTermBrandonGallagherUITests;
			sourceTree = "<group>";
		};
/* End PBXGroup section */

/* Begin PBXNativeTarget section */
		5615EF3224D0759D000654A3 /* EndTermBrandonGallagher */ = {
			isa = PBXNativeTarget;
			buildConfigurationList = 5615EF5D24D0759F000654A3 /* Build configuration list for PBXNativeTarget "EndTermBrandonGallagher" */;
			buildPhases = (
				5615EF2F24D0759D000654A3 /* Sources */,
				5615EF3024D0759D000654A3 /* Frameworks */,
				5615EF3124D0759D000654A3 /* Resources */,
			);
			buildRules = (
			);
			dependencies = (
			);
			name = EndTermBrandonGallagher;
			productName = EndTermBrandonGallagher;
			productReference = 5615EF3324D0759D000654A3 /* EndTermBrandonGallagher.app */;
			productType = "com.apple.product-type.application";
		};
		5615EF4824D0759F000654A3 /* EndTermBrandonGallagherTests */ = {
			isa = PBXNativeTarget;
			buildConfigurationList = 5615EF6024D0759F000654A3 /* Build configuration list for PBXNativeTarget "EndTermBrandonGallagherTests" */;
			buildPhases = (
				5615EF4524D0759F000654A3 /* Sources */,
				5615EF4624D0759F000654A3 /* Frameworks */,
				5615EF4724D0759F000654A3 /* Resources */,
			);
			buildRules = (
			);
			dependencies = (
				5615EF4B24D0759F000654A3 /* PBXTargetDependency */,
			);
			name = EndTermBrandonGallagherTests;
			productName = EndTermBrandonGallagherTests;
			productReference = 5615EF4924D0759F000654A3 /* EndTermBrandonGallagherTests.xctest */;
			productType = "com.apple.product-type.bundle.unit-test";
		};
		5615EF5324D0759F000654A3 /* EndTermBrandonGallagherUITests */ = {
			isa = PBXNativeTarget;
			buildConfigurationList = 5615EF6324D0759F000654A3 /* Build configuration list for PBXNativeTarget "EndTermBrandonGallagherUITests" */;
			buildPhases = (
				5615EF5024D0759F000654A3 /* Sources */,
				5615EF5124D0759F000654A3 /* Frameworks */,
				5615EF5224D0759F000654A3 /* Resources */,
			);
			buildRules = (
			);
			dependencies = (
				5615EF5624D0759F000654A3 /* PBXTargetDependency */,
			);
			name = EndTermBrandonGallagherUITests;
			productName = EndTermBrandonGallagherUITests;
			productReference = 5615EF5424D0759F000654A3 /* EndTermBrandonGallagherUITests.xctest */;
			productType = "com.apple.product-type.bundle.ui-testing";
		};
/* End PBXNativeTarget section */

/* Begin PBXProject section */
		5615EF2B24D0759D000654A3 /* Project object */ = {
			isa = PBXProject;
			attributes = {
				LastSwiftUpdateCheck = 1130;
				LastUpgradeCheck = 1130;
				ORGANIZATIONNAME = "Brandon Gallagher";
				TargetAttributes = {
					5615EF3224D0759D000654A3 = {
						CreatedOnToolsVersion = 11.3.1;
					};
					5615EF4824D0759F000654A3 = {
						CreatedOnToolsVersion = 11.3.1;
						TestTargetID = 5615EF3224D0759D000654A3;
					};
					5615EF5324D0759F000654A3 = {
						CreatedOnToolsVersion = 11.3.1;
						TestTargetID = 5615EF3224D0759D000654A3;
					};
				};
			};
			buildConfigurationList = 5615EF2E24D0759D000654A3 /* Build configuration list for PBXProject "EndTermBrandonGallagher" */;
			compatibilityVersion = "Xcode 9.3";
			developmentRegion = en;
			hasScannedForEncodings = 0;
			knownRegions = (
				en,
				Base,
			);
			mainGroup = 5615EF2A24D0759D000654A3;
			productRefGroup = 5615EF3424D0759D000654A3 /* Products */;
			projectDirPath = "";
			projectRoot = "";
			targets = (
				5615EF3224D0759D000654A3 /* EndTermBrandonGallagher */,
				5615EF4824D0759F000654A3 /* EndTermBrandonGallagherTests */,
				5615EF5324D0759F000654A3 /* EndTermBrandonGallagherUITests */,
			);
		};
/* End PBXProject section */

/* Begin PBXResourcesBuildPhase section */
		5615EF3124D0759D000654A3 /* Resources */ = {
			isa = PBXResourcesBuildPhase;
			buildActionMask = 2147483647;
			files = (
				5615EF4324D0759F000654A3 /* LaunchScreen.storyboard in Resources */,
				5615EF4024D0759F000654A3 /* Assets.xcassets in Resources */,
				5615EF3E24D0759D000654A3 /* Main.storyboard in Resources */,
				5615EF6924D07ECD000654A3 /* lotus-flower-828457262-5c6334b646e0fb0001dcd75a.jpg in Resources */,
			);
			runOnlyForDeploymentPostprocessing = 0;
		};
		5615EF4724D0759F000654A3 /* Resources */ = {
			isa = PBXResourcesBuildPhase;
			buildActionMask = 2147483647;
			files = (
			);
			runOnlyForDeploymentPostprocessing = 0;
		};
		5615EF5224D0759F000654A3 /* Resources */ = {
			isa = PBXResourcesBuildPhase;
			buildActionMask = 2147483647;
			files = (
			);
			runOnlyForDeploymentPostprocessing = 0;
		};
/* End PBXResourcesBuildPhase section */

/* Begin PBXSourcesBuildPhase section */
		5615EF2F24D0759D000654A3 /* Sources */ = {
			isa = PBXSourcesBuildPhase;
			buildActionMask = 2147483647;
			files = (
				5615EF6B24D0885C000654A3 /* SubFlowerTableViewController.swift in Sources */,
				5615EF6724D07B6D000654A3 /* FlowerTableViewController.swift in Sources */,
				5615EF3B24D0759D000654A3 /* ViewController.swift in Sources */,
				5615EF3724D0759D000654A3 /* AppDelegate.swift in Sources */,
				5615EF3924D0759D000654A3 /* SceneDelegate.swift in Sources */,
			);
			runOnlyForDeploymentPostprocessing = 0;
		};
		5615EF4524D0759F000654A3 /* Sources */ = {
			isa = PBXSourcesBuildPhase;
			buildActionMask = 2147483647;
			files = (
				5615EF4E24D0759F000654A3 /* EndTermBrandonGallagherTests.swift in Sources */,
			);
			runOnlyForDeploymentPostprocessing = 0;
		};
		5615EF5024D0759F000654A3 /* Sources */ = {
			isa = PBXSourcesBuildPhase;
			buildActionMask = 2147483647;
			files = (
				5615EF5924D0759F000654A3 /* EndTermBrandonGallagherUITests.swift in Sources */,
			);
			runOnlyForDeploymentPostprocessing = 0;
		};
/* End PBXSourcesBuildPhase section */

/* Begin PBXTargetDependency section */
		5615EF4B24D0759F000654A3 /* PBXTargetDependency */ = {
			isa = PBXTargetDependency;
			target = 5615EF3224D0759D000654A3 /* EndTermBrandonGallagher */;
			targetProxy = 5615EF4A24D0759F000654A3 /* PBXContainerItemProxy */;
		};
		5615EF5624D0759F000654A3 /* PBXTargetDependency */ = {
			isa = PBXTargetDependency;
			target = 5615EF3224D0759D000654A3 /* EndTermBrandonGallagher */;
			targetProxy = 5615EF5524D0759F000654A3 /* PBXContainerItemProxy */;
		};
/* End PBXTargetDependency section */

/* Begin PBXVariantGroup section */
		5615EF3C24D0759D000654A3 /* Main.storyboard */ = {
			isa = PBXVariantGroup;
			children = (
				5615EF3D24D0759D000654A3 /* Base */,
			);
			name = Main.storyboard;
			sourceTree = "<group>";
		};
		5615EF4124D0759F000654A3 /* LaunchScreen.storyboard */ = {
			isa = PBXVariantGroup;
			children = (
				5615EF4224D0759F000654A3 /* Base */,
			);
			name = LaunchScreen.storyboard;
			sourceTree = "<group>";
		};
/* End PBXVariantGroup section */

/* Begin XCBuildConfiguration section */
		5615EF5B24D0759F000654A3 /* Debug */ = {
			isa = XCBuildConfiguration;
			buildSettings = {
				ALWAYS_SEARCH_USER_PATHS = NO;
				CLANG_ANALYZER_NONNULL = YES;
				CLANG_ANALYZER_NUMBER_OBJECT_CONVERSION = YES_AGGRESSIVE;
				CLANG_CXX_LANGUAGE_STANDARD = "gnu++14";
				CLANG_CXX_LIBRARY = "libc++";
				CLANG_ENABLE_MODULES = YES;
				CLANG_ENABLE_OBJC_ARC = YES;
				CLANG_ENABLE_OBJC_WEAK = YES;
				CLANG_WARN_BLOCK_CAPTURE_AUTORELEASING = YES;
				CLANG_WARN_BOOL_CONVERSION = YES;
				CLANG_WARN_COMMA = YES;
				CLANG_WARN_CONSTANT_CONVERSION = YES;
				CLANG_WARN_DEPRECATED_OBJC_IMPLEMENTATIONS = YES;
				CLANG_WARN_DIRECT_OBJC_ISA_USAGE = YES_ERROR;
				CLANG_WARN_DOCUMENTATION_COMMENTS = YES;
				CLANG_WARN_EMPTY_BODY = YES;
				CLANG_WARN_ENUM_CONVERSION = YES;
				CLANG_WARN_INFINITE_RECURSION = YES;
				CLANG_WARN_INT_CONVERSION = YES;
				CLANG_WARN_NON_LITERAL_NULL_CONVERSION = YES;
				CLANG_WARN_OBJC_IMPLICIT_RETAIN_SELF = YES;
				CLANG_WARN_OBJC_LITERAL_CONVERSION = YES;
				CLANG_WARN_OBJC_ROOT_CLASS = YES_ERROR;
				CLANG_WARN_RANGE_LOOP_ANALYSIS = YES;
				CLANG_WARN_STRICT_PROTOTYPES = YES;
				CLANG_WARN_SUSPICIOUS_MOVE = YES;
				CLANG_WARN_UNGUARDED_AVAILABILITY = YES_AGGRESSIVE;
				CLANG_WARN_UNREACHABLE_CODE = YES;
				CLANG_WARN__DUPLICATE_METHOD_MATCH = YES;
				COPY_PHASE_STRIP = NO;
				DEBUG_INFORMATION_FORMAT = dwarf;
				ENABLE_STRICT_OBJC_MSGSEND = YES;
				ENABLE_TESTABILITY = YES;
				GCC_C_LANGUAGE_STANDARD = gnu11;
				GCC_DYNAMIC_NO_PIC = NO;
				GCC_NO_COMMON_BLOCKS = YES;
				GCC_OPTIMIZATION_LEVEL = 0;
				GCC_PREPROCESSOR_DEFINITIONS = (
					"DEBUG=1",
					"$(inherited)",
				);
				GCC_WARN_64_TO_32_BIT_CONVERSION = YES;
				GCC_WARN_ABOUT_RETURN_TYPE = YES_ERROR;
				GCC_WARN_UNDECLARED_SELECTOR = YES;
				GCC_WARN_UNINITIALIZED_AUTOS = YES_AGGRESSIVE;
				GCC_WARN_UNUSED_FUNCTION = YES;
				GCC_WARN_UNUSED_VARIABLE = YES;
				IPHONEOS_DEPLOYMENT_TARGET = 13.2;
				MTL_ENABLE_DEBUG_INFO = INCLUDE_SOURCE;
				MTL_FAST_MATH = YES;
				ONLY_ACTIVE_ARCH = YES;
				SDKROOT = iphoneos;
				SWIFT_ACTIVE_COMPILATION_CONDITIONS = DEBUG;
				SWIFT_OPTIMIZATION_LEVEL = "-Onone";
			};
			name = Debug;
		};
		5615EF5C24D0759F000654A3 /* Release */ = {
			isa = XCBuildConfiguration;
			buildSettings = {
				ALWAYS_SEARCH_USER_PATHS = NO;
				CLANG_ANALYZER_NONNULL = YES;
				CLANG_ANALYZER_NUMBER_OBJECT_CONVERSION = YES_AGGRESSIVE;
				CLANG_CXX_LANGUAGE_STANDARD = "gnu++14";
				CLANG_CXX_LIBRARY = "libc++";
				CLANG_ENABLE_MODULES = YES;
				CLANG_ENABLE_OBJC_ARC = YES;
				CLANG_ENABLE_OBJC_WEAK = YES;
				CLANG_WARN_BLOCK_CAPTURE_AUTORELEASING = YES;
				CLANG_WARN_BOOL_CONVERSION = YES;
				CLANG_WARN_COMMA = YES;
				CLANG_WARN_CONSTANT_CONVERSION = YES;
				CLANG_WARN_DEPRECATED_OBJC_IMPLEMENTATIONS = YES;
				CLANG_WARN_DIRECT_OBJC_ISA_USAGE = YES_ERROR;
				CLANG_WARN_DOCUMENTATION_COMMENTS = YES;
				CLANG_WARN_EMPTY_BODY = YES;
				CLANG_WARN_ENUM_CONVERSION = YES;
				CLANG_WARN_INFINITE_RECURSION = YES;
				CLANG_WARN_INT_CONVERSION = YES;
				CLANG_WARN_NON_LITERAL_NULL_CONVERSION = YES;
				CLANG_WARN_OBJC_IMPLICIT_RETAIN_SELF = YES;
				CLANG_WARN_OBJC_LITERAL_CONVERSION = YES;
				CLANG_WARN_OBJC_ROOT_CLASS = YES_ERROR;
				CLANG_WARN_RANGE_LOOP_ANALYSIS = YES;
				CLANG_WARN_STRICT_PROTOTYPES = YES;
				CLANG_WARN_SUSPICIOUS_MOVE = YES;
				CLANG_WARN_UNGUARDED_AVAILABILITY = YES_AGGRESSIVE;
				CLANG_WARN_UNREACHABLE_CODE = YES;
				CLANG_WARN__DUPLICATE_METHOD_MATCH = YES;
				COPY_PHASE_STRIP = NO;
				DEBUG_INFORMATION_FORMAT = "dwarf-with-dsym";
				ENABLE_NS_ASSERTIONS = NO;
				ENABLE_STRICT_OBJC_MSGSEND = YES;
				GCC_C_LANGUAGE_STANDARD = gnu11;
				GCC_NO_COMMON_BLOCKS = YES;
				GCC_WARN_64_TO_32_BIT_CONVERSION = YES;
				GCC_WARN_ABOUT_RETURN_TYPE = YES_ERROR;
				GCC_WARN_UNDECLARED_SELECTOR = YES;
				GCC_WARN_UNINITIALIZED_AUTOS = YES_AGGRESSIVE;
				GCC_WARN_UNUSED_FUNCTION = YES;
				GCC_WARN_UNUSED_VARIABLE = YES;
				IPHONEOS_DEPLOYMENT_TARGET = 13.2;
				MTL_ENABLE_DEBUG_INFO = NO;
				MTL_FAST_MATH = YES;
				SDKROOT = iphoneos;
				SWIFT_COMPILATION_MODE = wholemodule;
				SWIFT_OPTIMIZATION_LEVEL = "-O";
				VALIDATE_PRODUCT = YES;
			};
			name = Release;
		};
		5615EF5E24D0759F000654A3 /* Debug */ = {
			isa = XCBuildConfiguration;
			buildSettings = {
				ASSETCATALOG_COMPILER_APPICON_NAME = AppIcon;
				CODE_SIGN_STYLE = Automatic;
				INFOPLIST_FILE = EndTermBrandonGallagher/Info.plist;
				LD_RUNPATH_SEARCH_PATHS = (
					"$(inherited)",
					"@executable_path/Frameworks",
				);
				PRODUCT_BUNDLE_IDENTIFIER = com.georgian.EndTermBrandonGallagher;
				PRODUCT_NAME = "$(TARGET_NAME)";
				SWIFT_VERSION = 5.0;
				TARGETED_DEVICE_FAMILY = "1,2";
			};
			name = Debug;
		};
		5615EF5F24D0759F000654A3 /* Release */ = {
			isa = XCBuildConfiguration;
			buildSettings = {
				ASSETCATALOG_COMPILER_APPICON_NAME = AppIcon;
				CODE_SIGN_STYLE = Automatic;
				INFOPLIST_FILE = EndTermBrandonGallagher/Info.plist;
				LD_RUNPATH_SEARCH_PATHS = (
					"$(inherited)",
					"@executable_path/Frameworks",
				);
				PRODUCT_BUNDLE_IDENTIFIER = com.georgian.EndTermBrandonGallagher;
				PRODUCT_NAME = "$(TARGET_NAME)";
				SWIFT_VERSION = 5.0;
				TARGETED_DEVICE_FAMILY = "1,2";
			};
			name = Release;
		};
		5615EF6124D0759F000654A3 /* Debug */ = {
			isa = XCBuildConfiguration;
			buildSettings = {
				ALWAYS_EMBED_SWIFT_STANDARD_LIBRARIES = YES;
				BUNDLE_LOADER = "$(TEST_HOST)";
				CODE_SIGN_STYLE = Automatic;
				INFOPLIST_FILE = EndTermBrandonGallagherTests/Info.plist;
				IPHONEOS_DEPLOYMENT_TARGET = 13.2;
				LD_RUNPATH_SEARCH_PATHS = (
					"$(inherited)",
					"@executable_path/Frameworks",
					"@loader_path/Frameworks",
				);
				PRODUCT_BUNDLE_IDENTIFIER = com.georgian.EndTermBrandonGallagherTests;
				PRODUCT_NAME = "$(TARGET_NAME)";
				SWIFT_VERSION = 5.0;
				TARGETED_DEVICE_FAMILY = "1,2";
				TEST_HOST = "$(BUILT_PRODUCTS_DIR)/EndTermBrandonGallagher.app/EndTermBrandonGallagher";
			};
			name = Debug;
		};
		5615EF6224D0759F000654A3 /* Release */ = {
			isa = XCBuildConfiguration;
			buildSettings = {
				ALWAYS_EMBED_SWIFT_STANDARD_LIBRARIES = YES;
				BUNDLE_LOADER = "$(TEST_HOST)";
				CODE_SIGN_STYLE = Automatic;
				INFOPLIST_FILE = EndTermBrandonGallagherTests/Info.plist;
				IPHONEOS_DEPLOYMENT_TARGET = 13.2;
				LD_RUNPATH_SEARCH_PATHS = (
					"$(inherited)",
					"@executable_path/Frameworks",
					"@loader_path/Frameworks",
				);
				PRODUCT_BUNDLE_IDENTIFIER = com.georgian.EndTermBrandonGallagherTests;
				PRODUCT_NAME = "$(TARGET_NAME)";
				SWIFT_VERSION = 5.0;
				TARGETED_DEVICE_FAMILY = "1,2";
				TEST_HOST = "$(BUILT_PRODUCTS_DIR)/EndTermBrandonGallagher.app/EndTermBrandonGallagher";
			};
			name = Release;
		};
		5615EF6424D0759F000654A3 /* Debug */ = {
			isa = XCBuildConfiguration;
			buildSettings = {
				ALWAYS_EMBED_SWIFT_STANDARD_LIBRARIES = YES;
				CODE_SIGN_STYLE = Automatic;
				INFOPLIST_FILE = EndTermBrandonGallagherUITests/Info.plist;
				LD_RUNPATH_SEARCH_PATHS = (
					"$(inherited)",
					"@executable_path/Frameworks",
					"@loader_path/Frameworks",
				);
				PRODUCT_BUNDLE_IDENTIFIER = com.georgian.EndTermBrandonGallagherUITests;
				PRODUCT_NAME = "$(TARGET_NAME)";
				SWIFT_VERSION = 5.0;
				TARGETED_DEVICE_FAMILY = "1,2";
				TEST_TARGET_NAME = EndTermBrandonGallagher;
			};
			name = Debug;
		};
		5615EF6524D0759F000654A3 /* Release */ = {
			isa = XCBuildConfiguration;
			buildSettings = {
				ALWAYS_EMBED_SWIFT_STANDARD_LIBRARIES = YES;
				CODE_SIGN_STYLE = Automatic;
				INFOPLIST_FILE = EndTermBrandonGallagherUITests/Info.plist;
				LD_RUNPATH_SEARCH_PATHS = (
					"$(inherited)",
					"@executable_path/Frameworks",
					"@loader_path/Frameworks",
				);
				PRODUCT_BUNDLE_IDENTIFIER = com.georgian.EndTermBrandonGallagherUITests;
				PRODUCT_NAME = "$(TARGET_NAME)";
				SWIFT_VERSION = 5.0;
				TARGETED_DEVICE_FAMILY = "1,2";
				TEST_TARGET_NAME = EndTermBrandonGallagher;
			};
			name = Release;
		};
/* End XCBuildConfiguration section */

/* Begin XCConfigurationList section */
		5615EF2E24D0759D000654A3 /* Build configuration list for PBXProject "EndTermBrandonGallagher" */ = {
			isa = XCConfigurationList;
			buildConfigurations = (
				5615EF5B24D0759F000654A3 /* Debug */,
				5615EF5C24D0759F000654A3 /* Release */,
			);
			defaultConfigurationIsVisible = 0;
			defaultConfigurationName = Release;
		};
		5615EF5D24D0759F000654A3 /* Build configuration list for PBXNativeTarget "EndTermBrandonGallagher" */ = {
			isa = XCConfigurationList;
			buildConfigurations = (
				5615EF5E24D0759F000654A3 /* Debug */,
				5615EF5F24D0759F000654A3 /* Release */,
			);
			defaultConfigurationIsVisible = 0;
			defaultConfigurationName = Release;
		};
		5615EF6024D0759F000654A3 /* Build configuration list for PBXNativeTarget "EndTermBrandonGallagherTests" */ = {
			isa = XCConfigurationList;
			buildConfigurations = (
				5615EF6124D0759F000654A3 /* Debug */,
				5615EF6224D0759F000654A3 /* Release */,
			);
			defaultConfigurationIsVisible = 0;
			defaultConfigurationName = Release;
		};
		5615EF6324D0759F000654A3 /* Build configuration list for PBXNativeTarget "EndTermBrandonGallagherUITests" */ = {
			isa = XCConfigurationList;
			buildConfigurations = (
				5615EF6424D0759F000654A3 /* Debug */,
				5615EF6524D0759F000654A3 /* Release */,
			);
			defaultConfigurationIsVisible = 0;
			defaultConfigurationName = Release;
		};
/* End XCConfigurationList section */
	};
	rootObject = 5615EF2B24D0759D000654A3 /* Project object */;
}
